
Microsoft Visual Studio Solution File, Format Version 12.00
# Visual Studio Version 16
VisualStudioVersion = 16.0.31424.327
MinimumVisualStudioVersion = 10.0.40219.1
Project("{FAE04EC0-301F-11D3-BF4B-00C04F79EFBC}") = "NotificationHub_Net_isolate", "NotificationHub_Net_isolate\NotificationHub_Net_isolate.csproj", "{D61A2EF1-7307-4AC5-9FEA-76E55EC52B55}"
EndProject
Global
	GlobalSection(SolutionConfigurationPlatforms) = preSolution
		Debug|Any CPU = Debug|Any CPU
		Release|Any CPU = Release|Any CPU
	EndGlobalSection
	GlobalSection(ProjectConfigurationPlatforms) = postSolution
		{D61A2EF1-7307-4AC5-9FEA-76E55EC52B55}.Debug|Any CPU.ActiveCfg = Debug|Any CPU
		{D61A2EF1-7307-4AC5-9FEA-76E55EC52B55}.Debug|Any CPU.Build.0 = Debug|Any CPU
		{D61A2EF1-7307-4AC5-9FEA-76E55EC52B55}.Release|Any CPU.ActiveCfg = Release|Any CPU
		{D61A2EF1-7307-4AC5-9FEA-76E55EC52B55}.Release|Any CPU.Build.0 = Release|Any CPU
	EndGlobalSection
	GlobalSection(SolutionProperties) = preSolution
		HideSolutionNode = FALSE
	EndGlobalSection
	GlobalSection(ExtensibilityGlobals) = postSolution
		SolutionGuid = {8C87B478-1537-4B35-B225-EE4E260BBF6B}
	EndGlobalSection
EndGlobal
